// !$*UTF8*$!
{
	archiveVersion = 1;
	classes = {
	};
	objectVersion = 77;
	objects = {

/* Begin PBXContainerItemProxy section */
		C48F8AB72F0E2B500054318E /* PBXContainerItemProxy */ = {
			isa = PBXContainerItemProxy;
			containerPortal = C48F8AA12F0E2B500054318E /* Project object */;
			proxyType = 1;
			remoteGlobalIDString = C48F8AA82F0E2B500054318E;
			remoteInfo = Orbit;
		};
		C48F8AC12F0E2B500054318E /* PBXContainerItemProxy */ = {
			isa = PBXContainerItemProxy;
			containerPortal = C48F8AA12F0E2B500054318E /* Project object */;
			proxyType = 1;
			remoteGlobalIDString = C48F8AA82F0E2B500054318E;
			remoteInfo = Orbit;
		};
/* End PBXContainerItemProxy section */

/* Begin PBXFileReference section */
		C48F8AA92F0E2B500054318E /* Orbit.app */ = {isa = PBXFileReference; explicitFileType = wrapper.application; includeInIndex = 0; path = Orbit.app; sourceTree = BUILT_PRODUCTS_DIR; };
		C48F8AB62F0E2B500054318E /* OrbitTests.xctest */ = {isa = PBXFileReference; explicitFileType = wrapper.cfbundle; includeInIndex = 0; path = OrbitTests.xctest; sourceTree = BUILT_PRODUCTS_DIR; };
		C48F8AC02F0E2B500054318E /* OrbitUITests.xctest */ = {isa = PBXFileReference; explicitFileType = wrapper.cfbundle; includeInIndex = 0; path = OrbitUITests.xctest; sourceTree = BUILT_PRODUCTS_DIR; };
/* End PBXFileReference section */

/* Begin PBXFileSystemSynchronizedRootGroup section */
		C48F8AAB2F0E2B500054318E /* Orbit */ = {
			isa = PBXFileSystemSynchronizedRootGroup;
			path = Orbit;
			sourceTree = "<group>";
		};
		C48F8AB92F0E2B500054318E /* OrbitTests */ = {
			isa = PBXFileSystemSynchronizedRootGroup;
			path = OrbitTests;
			sourceTree = "<group>";
		};
		C48F8AC32F0E2B500054318E /* OrbitUITests */ = {
			isa = PBXFileSystemSynchronizedRootGroup;
			path = OrbitUITests;
			sourceTree = "<group>";
		};
/* End PBXFileSystemSynchronizedRootGroup section */

/* Begin PBXFrameworksBuildPhase section */
		C48F8AA62F0E2B500054318E /* Frameworks */ = {
			isa = PBXFrameworksBuildPhase;
			buildActionMask = 2147483647;
			files = (
			);
			runOnlyForDeploymentPostprocessing = 0;
		};
		C48F8AB32F0E2B500054318E /* Frameworks */ = {
			isa = PBXFrameworksBuildPhase;
			buildActionMask = 2147483647;
			files = (
			);
			runOnlyForDeploymentPostprocessing = 0;
		};
		C48F8ABD2F0E2B500054318E /* Frameworks */ = {
			isa = PBXFrameworksBuildPhase;
			buildActionMask = 2147483647;
			files = (
			);
			runOnlyForDeploymentPostprocessing = 0;
		};
/* End PBXFrameworksBuildPhase section */

/* Begin PBXGroup section */
		C48F8AA02F0E2B500054318E = {
			isa = PBXGroup;
			children = (
				C48F8AAB2F0E2B500054318E /* Orbit */,
				C48F8AB92F0E2B500054318E /* OrbitTests */,
				C48F8AC32F0E2B500054318E /* OrbitUITests */,
				C48F8AAA2F0E2B500054318E /* Products */,
			);
			sourceTree = "<group>";
		};
		C48F8AAA2F0E2B500054318E /* Products */ = {
			isa = PBXGroup;
			children = (
				C48F8AA92F0E2B500054318E /* Orbit.app */,
				C48F8AB62F0E2B500054318E /* OrbitTests.xctest */,
				C48F8AC02F0E2B500054318E /* OrbitUITests.xctest */,
			);
			name = Products;
			sourceTree = "<group>";
		};
/* End PBXGroup section */

/* Begin PBXNativeTarget section */
		C48F8AA82F0E2B500054318E /* Orbit */ = {
			isa = PBXNativeTarget;
			buildConfigurationList = C48F8ACA2F0E2B500054318E /* Build configuration list for PBXNativeTarget "Orbit" */;
			buildPhases = (
				C48F8AA52F0E2B500054318E /* Sources */,
				C48F8AA62F0E2B500054318E /* Frameworks */,
				C48F8AA72F0E2B500054318E /* Resources */,
			);
			buildRules = (
			);
			dependencies = (
			);
			fileSystemSynchronizedGroups = (
				C48F8AAB2F0E2B500054318E /* Orbit */,
			);
			name = Orbit;
			packageProductDependencies = (
			);
			productName = Orbit;
			productReference = C48F8AA92F0E2B500054318E /* Orbit.app */;
			productType = "com.apple.product-type.application";
		};
		C48F8AB52F0E2B500054318E /* OrbitTests */ = {
			isa = PBXNativeTarget;
			buildConfigurationList = C48F8ACD2F0E2B500054318E /* Build configuration list for PBXNativeTarget "OrbitTests" */;
			buildPhases = (
				C48F8AB22F0E2B500054318E /* Sources */,
				C48F8AB32F0E2B500054318E /* Frameworks */,
				C48F8AB42F0E2B500054318E /* Resources */,
			);
			buildRules = (
			);
			dependencies = (
				C48F8AB82F0E2B500054318E /* PBXTargetDependency */,
			);
			fileSystemSynchronizedGroups = (
				C48F8AB92F0E2B500054318E /* OrbitTests */,
			);
			name = OrbitTests;
			packageProductDependencies = (
			);
			productName = OrbitTests;
			productReference = C48F8AB62F0E2B500054318E /* OrbitTests.xctest */;
			productType = "com.apple.product-type.bundle.unit-test";
		};
		C48F8ABF2F0E2B500054318E /* OrbitUITests */ = {
			isa = PBXNativeTarget;
			buildConfigurationList = C48F8AD02F0E2B500054318E /* Build configuration list for PBXNativeTarget "OrbitUITests" */;
			buildPhases = (
				C48F8ABC2F0E2B500054318E /* Sources */,
				C48F8ABD2F0E2B500054318E /* Frameworks */,
				C48F8ABE2F0E2B500054318E /* Resources */,
			);
			buildRules = (
			);
			dependencies = (
				C48F8AC22F0E2B500054318E /* PBXTargetDependency */,
			);
			fileSystemSynchronizedGroups = (
				C48F8AC32F0E2B500054318E /* OrbitUITests */,
			);
			name = OrbitUITests;
			packageProductDependencies = (
			);
			productName = OrbitUITests;
			productReference = C48F8AC02F0E2B500054318E /* OrbitUITests.xctest */;
			productType = "com.apple.product-type.bundle.ui-testing";
		};
/* End PBXNativeTarget section */

/* Begin PBXProject section */
		C48F8AA12F0E2B500054318E /* Project object */ = {
			isa = PBXProject;
			attributes = {
				BuildIndependentTargetsInParallel = 1;
				LastSwiftUpdateCheck = 2600;
				LastUpgradeCheck = 2600;
				TargetAttributes = {
					C48F8AA82F0E2B500054318E = {
						CreatedOnToolsVersion = 26.0;
					};
					C48F8AB52F0E2B500054318E = {
						CreatedOnToolsVersion = 26.0;
						TestTargetID = C48F8AA82F0E2B500054318E;
					};
					C48F8ABF2F0E2B500054318E = {
						CreatedOnToolsVersion = 26.0;
						TestTargetID = C48F8AA82F0E2B500054318E;
					};
				};
			};
			buildConfigurationList = C48F8AA42F0E2B500054318E /* Build configuration list for PBXProject "Orbit" */;
			developmentRegion = en;
			hasScannedForEncodings = 0;
			knownRegions = (
				en,
				Base,
				"zh-Hans",
			);
			mainGroup = C48F8AA02F0E2B500054318E;
			minimizedProjectReferenceProxies = 1;
			preferredProjectObjectVersion = 77;
			productRefGroup = C48F8AAA2F0E2B500054318E /* Products */;
			projectDirPath = "";
			projectRoot = "";
			targets = (
				C48F8AA82F0E2B500054318E /* Orbit */,
				C48F8AB52F0E2B500054318E /* OrbitTests */,
				C48F8ABF2F0E2B500054318E /* OrbitUITests */,
			);
		};
/* End PBXProject section */

/* Begin PBXResourcesBuildPhase section */
		C48F8AA72F0E2B500054318E /* Resources */ = {
			isa = PBXResourcesBuildPhase;
			buildActionMask = 2147483647;
			files = (
			);
			runOnlyForDeploymentPostprocessing = 0;
		};
		C48F8AB42F0E2B500054318E /* Resources */ = {
			isa = PBXResourcesBuildPhase;
			buildActionMask = 2147483647;
			files = (
			);
			runOnlyForDeploymentPostprocessing = 0;
		};
		C48F8ABE2F0E2B500054318E /* Resources */ = {
			isa = PBXResourcesBuildPhase;
			buildActionMask = 2147483647;
			files = (
			);
			runOnlyForDeploymentPostprocessing = 0;
		};
/* End PBXResourcesBuildPhase section */

/* Begin PBXSourcesBuildPhase section */
		C48F8AA52F0E2B500054318E /* Sources */ = {
			isa = PBXSourcesBuildPhase;
			buildActionMask = 2147483647;
			files = (
			);
			runOnlyForDeploymentPostprocessing = 0;
		};
		C48F8AB22F0E2B500054318E /* Sources */ = {
			isa = PBXSourcesBuildPhase;
			buildActionMask = 2147483647;
			files = (
			);
			runOnlyForDeploymentPostprocessing = 0;
		};
		C48F8ABC2F0E2B500054318E /* Sources */ = {
			isa = PBXSourcesBuildPhase;
			buildActionMask = 2147483647;
			files = (
			);
			runOnlyForDeploymentPostprocessing = 0;
		};
/* End PBXSourcesBuildPhase section */

/* Begin PBXTargetDependency section */
		C48F8AB82F0E2B500054318E /* PBXTargetDependency */ = {
			isa = PBXTargetDependency;
			target = C48F8AA82F0E2B500054318E /* Orbit */;
			targetProxy = C48F8AB72F0E2B500054318E /* PBXContainerItemProxy */;
		};
		C48F8AC22F0E2B500054318E /* PBXTargetDependency */ = {
			isa = PBXTargetDependency;
			target = C48F8AA82F0E2B500054318E /* Orbit */;
			targetProxy = C48F8AC12F0E2B500054318E /* PBXContainerItemProxy */;
		};
/* End PBXTargetDependency section */

/* Begin XCBuildConfiguration section */
		C48F8AC82F0E2B500054318E /* Debug */ = {
			isa = XCBuildConfiguration;
			buildSettings = {
				ALWAYS_SEARCH_USER_PATHS = NO;
				ASSETCATALOG_COMPILER_GENERATE_SWIFT_ASSET_SYMBOL_EXTENSIONS = YES;
				CLANG_ANALYZER_NONNULL = YES;
				CLANG_ANALYZER_NUMBER_OBJECT_CONVERSION = YES_AGGRESSIVE;
				CLANG_CXX_LANGUAGE_STANDARD = "gnu++20";
				CLANG_ENABLE_MODULES = YES;
				CLANG_ENABLE_OBJC_ARC = YES;
				CLANG_ENABLE_OBJC_WEAK = YES;
				CLANG_WARN_BLOCK_CAPTURE_AUTORELEASING = YES;
				CLANG_WARN_BOOL_CONVERSION = YES;
				CLANG_WARN_COMMA = YES;
				CLANG_WARN_CONSTANT_CONVERSION = YES;
				CLANG_WARN_DEPRECATED_OBJC_IMPLEMENTATIONS = YES;
				CLANG_WARN_DIRECT_OBJC_ISA_USAGE = YES_ERROR;
				CLANG_WARN_DOCUMENTATION_COMMENTS = YES;
				CLANG_WARN_EMPTY_BODY = YES;
				CLANG_WARN_ENUM_CONVERSION = YES;
				CLANG_WARN_INFINITE_RECURSION = YES;
				CLANG_WARN_INT_CONVERSION = YES;
				CLANG_WARN_NON_LITERAL_NULL_CONVERSION = YES;
				CLANG_WARN_OBJC_IMPLICIT_RETAIN_SELF = YES;
				CLANG_WARN_OBJC_LITERAL_CONVERSION = YES;
				CLANG_WARN_OBJC_ROOT_CLASS = YES_ERROR;
				CLANG_WARN_QUOTED_INCLUDE_IN_FRAMEWORK_HEADER = YES;
				CLANG_WARN_RANGE_LOOP_ANALYSIS = YES;
				CLANG_WARN_STRICT_PROTOTYPES = YES;
				CLANG_WARN_SUSPICIOUS_MOVE = YES;
				CLANG_WARN_UNGUARDED_AVAILABILITY = YES_AGGRESSIVE;
				CLANG_WARN_UNREACHABLE_CODE = YES;
				CLANG_WARN__DUPLICATE_METHOD_MATCH = YES;
				COPY_PHASE_STRIP = NO;
				DEBUG_INFORMATION_FORMAT = dwarf;
				DEVELOPMENT_TEAM = QJ32AL6GFG;
				ENABLE_STRICT_OBJC_MSGSEND = YES;
				ENABLE_TESTABILITY = YES;
				ENABLE_USER_SCRIPT_SANDBOXING = YES;
				GCC_C_LANGUAGE_STANDARD = gnu17;
				GCC_DYNAMIC_NO_PIC = NO;
				GCC_NO_COMMON_BLOCKS = YES;
				GCC_OPTIMIZATION_LEVEL = 0;
				GCC_PREPROCESSOR_DEFINITIONS = (
					"DEBUG=1",
					"$(inherited)",
				);
				GCC_WARN_64_TO_32_BIT_CONVERSION = YES;
				GCC_WARN_ABOUT_RETURN_TYPE = YES_ERROR;
				GCC_WARN_UNDECLARED_SELECTOR = YES;
				GCC_WARN_UNINITIALIZED_AUTOS = YES_AGGRESSIVE;
				GCC_WARN_UNUSED_FUNCTION = YES;
				GCC_WARN_UNUSED_VARIABLE = YES;
				LOCALIZATION_PREFERS_STRING_CATALOGS = YES;
				MACOSX_DEPLOYMENT_TARGET = 26.0;
				MTL_ENABLE_DEBUG_INFO = INCLUDE_SOURCE;
				MTL_FAST_MATH = YES;
				ONLY_ACTIVE_ARCH = YES;
				SDKROOT = macosx;
				SWIFT_ACTIVE_COMPILATION_CONDITIONS = "DEBUG $(inherited)";
				SWIFT_OPTIMIZATION_LEVEL = "-Onone";
			};
			name = Debug;
		};
		C48F8AC92F0E2B500054318E /* Release */ = {
			isa = XCBuildConfiguration;
			buildSettings = {
				ALWAYS_SEARCH_USER_PATHS = NO;
				ASSETCATALOG_COMPILER_GENERATE_SWIFT_ASSET_SYMBOL_EXTENSIONS = YES;
				CLANG_ANALYZER_NONNULL = YES;
				CLANG_ANALYZER_NUMBER_OBJECT_CONVERSION = YES_AGGRESSIVE;
				CLANG_CXX_LANGUAGE_STANDARD = "gnu++20";
				CLANG_ENABLE_MODULES = YES;
				CLANG_ENABLE_OBJC_ARC = YES;
				CLANG_ENABLE_OBJC_WEAK = YES;
				CLANG_WARN_BLOCK_CAPTURE_AUTORELEASING = YES;
				CLANG_WARN_BOOL_CONVERSION = YES;
				CLANG_WARN_COMMA = YES;
				CLANG_WARN_CONSTANT_CONVERSION = YES;
				CLANG_WARN_DEPRECATED_OBJC_IMPLEMENTATIONS = YES;
				CLANG_WARN_DIRECT_OBJC_ISA_USAGE = YES_ERROR;
				CLANG_WARN_DOCUMENTATION_COMMENTS = YES;
				CLANG_WARN_EMPTY_BODY = YES;
				CLANG_WARN_ENUM_CONVERSION = YES;
				CLANG_WARN_INFINITE_RECURSION = YES;
				CLANG_WARN_INT_CONVERSION = YES;
				CLANG_WARN_NON_LITERAL_NULL_CONVERSION = YES;
				CLANG_WARN_OBJC_IMPLICIT_RETAIN_SELF = YES;
				CLANG_WARN_OBJC_LITERAL_CONVERSION = YES;
				CLANG_WARN_OBJC_ROOT_CLASS = YES_ERROR;
				CLANG_WARN_QUOTED_INCLUDE_IN_FRAMEWORK_HEADER = YES;
				CLANG_WARN_RANGE_LOOP_ANALYSIS = YES;
				CLANG_WARN_STRICT_PROTOTYPES = YES;
				CLANG_WARN_SUSPICIOUS_MOVE = YES;
				CLANG_WARN_UNGUARDED_AVAILABILITY = YES_AGGRESSIVE;
				CLANG_WARN_UNREACHABLE_CODE = YES;
				CLANG_WARN__DUPLICATE_METHOD_MATCH = YES;
				COPY_PHASE_STRIP = NO;
				DEBUG_INFORMATION_FORMAT = "dwarf-with-dsym";
				DEVELOPMENT_TEAM = QJ32AL6GFG;
				ENABLE_NS_ASSERTIONS = NO;
				ENABLE_STRICT_OBJC_MSGSEND = YES;
				ENABLE_USER_SCRIPT_SANDBOXING = YES;
				GCC_C_LANGUAGE_STANDARD = gnu17;
				GCC_NO_COMMON_BLOCKS = YES;
				GCC_WARN_64_TO_32_BIT_CONVERSION = YES;
				GCC_WARN_ABOUT_RETURN_TYPE = YES_ERROR;
				GCC_WARN_UNDECLARED_SELECTOR = YES;
				GCC_WARN_UNINITIALIZED_AUTOS = YES_AGGRESSIVE;
				GCC_WARN_UNUSED_FUNCTION = YES;
				GCC_WARN_UNUSED_VARIABLE = YES;
				LOCALIZATION_PREFERS_STRING_CATALOGS = YES;
				MACOSX_DEPLOYMENT_TARGET = 26.0;
				MTL_ENABLE_DEBUG_INFO = NO;
				MTL_FAST_MATH = YES;
				SDKROOT = macosx;
				SWIFT_COMPILATION_MODE = wholemodule;
			};
			name = Release;
		};
		C48F8ACB2F0E2B500054318E /* Debug */ = {
			isa = XCBuildConfiguration;
			buildSettings = {
				ASSETCATALOG_COMPILER_APPICON_NAME = AppIcon;
				ASSETCATALOG_COMPILER_GLOBAL_ACCENT_COLOR_NAME = AccentColor;
				CODE_SIGN_ENTITLEMENTS = Orbit/Orbit.entitlements;
				CODE_SIGN_STYLE = Automatic;
				COMBINE_HIDPI_IMAGES = YES;
				CURRENT_PROJECT_VERSION = 1;
				DEVELOPMENT_TEAM = QJ32AL6GFG;
				ENABLE_APP_SANDBOX = NO;
				ENABLE_HARDENED_RUNTIME = YES;
				ENABLE_PREVIEWS = YES;
				ENABLE_USER_SELECTED_FILES = readonly;
				GENERATE_INFOPLIST_FILE = YES;
				INFOPLIST_KEY_LSApplicationCategoryType = "public.app-category.utilities";
				INFOPLIST_KEY_NSHumanReadableCopyright = "";
				LD_RUNPATH_SEARCH_PATHS = (
					"$(inherited)",
					"@executable_path/../Frameworks",
				);
				MARKETING_VERSION = 1.0;
				PRODUCT_BUNDLE_IDENTIFIER = com.yuzeguitar.Orbit;
				PRODUCT_NAME = "$(TARGET_NAME)";
				REGISTER_APP_GROUPS = YES;
				STRING_CATALOG_GENERATE_SYMBOLS = YES;
				SWIFT_APPROACHABLE_CONCURRENCY = YES;
				SWIFT_DEFAULT_ACTOR_ISOLATION = MainActor;
				SWIFT_EMIT_LOC_STRINGS = YES;
				SWIFT_UPCOMING_FEATURE_MEMBER_IMPORT_VISIBILITY = YES;
				SWIFT_VERSION = 5.0;
			};
			name = Debug;
		};
		C48F8ACC2F0E2B500054318E /* Release */ = {
			isa = XCBuildConfiguration;
			buildSettings = {
				ASSETCATALOG_COMPILER_APPICON_NAME = AppIcon;
				ASSETCATALOG_COMPILER_GLOBAL_ACCENT_COLOR_NAME = AccentColor;
				CODE_SIGN_ENTITLEMENTS = Orbit/Orbit.entitlements;
				CODE_SIGN_STYLE = Automatic;
				COMBINE_HIDPI_IMAGES = YES;
				CURRENT_PROJECT_VERSION = 1;
				DEVELOPMENT_TEAM = QJ32AL6GFG;
				ENABLE_APP_SANDBOX = NO;
				ENABLE_HARDENED_RUNTIME = YES;
				ENABLE_PREVIEWS = YES;
				ENABLE_USER_SELECTED_FILES = readonly;
				GENERATE_INFOPLIST_FILE = YES;
				INFOPLIST_KEY_LSApplicationCategoryType = "public.app-category.utilities";
				INFOPLIST_KEY_NSHumanReadableCopyright = "";
				LD_RUNPATH_SEARCH_PATHS = (
					"$(inherited)",
					"@executable_path/../Frameworks",
				);
				MARKETING_VERSION = 1.0;
				PRODUCT_BUNDLE_IDENTIFIER = com.yuzeguitar.Orbit;
				PRODUCT_NAME = "$(TARGET_NAME)";
				REGISTER_APP_GROUPS = YES;
				STRING_CATALOG_GENERATE_SYMBOLS = YES;
				SWIFT_APPROACHABLE_CONCURRENCY = YES;
				SWIFT_DEFAULT_ACTOR_ISOLATION = MainActor;
				SWIFT_EMIT_LOC_STRINGS = YES;
				SWIFT_UPCOMING_FEATURE_MEMBER_IMPORT_VISIBILITY = YES;
				SWIFT_VERSION = 5.0;
			};
			name = Release;
		};
		C48F8ACE2F0E2B500054318E /* Debug */ = {
			isa = XCBuildConfiguration;
			buildSettings = {
				BUNDLE_LOADER = "$(TEST_HOST)";
				CODE_SIGN_STYLE = Automatic;
				CURRENT_PROJECT_VERSION = 1;
				DEVELOPMENT_TEAM = QJ32AL6GFG;
				GENERATE_INFOPLIST_FILE = YES;
				MACOSX_DEPLOYMENT_TARGET = 26.0;
				MARKETING_VERSION = 1.0;
				PRODUCT_BUNDLE_IDENTIFIER = com.yuzeguitar.OrbitTests;
				PRODUCT_NAME = "$(TARGET_NAME)";
				STRING_CATALOG_GENERATE_SYMBOLS = NO;
				SWIFT_APPROACHABLE_CONCURRENCY = YES;
				SWIFT_EMIT_LOC_STRINGS = NO;
				SWIFT_UPCOMING_FEATURE_MEMBER_IMPORT_VISIBILITY = YES;
				SWIFT_VERSION = 5.0;
				TEST_HOST = "$(BUILT_PRODUCTS_DIR)/Orbit.app/$(BUNDLE_EXECUTABLE_FOLDER_PATH)/Orbit";
			};
			name = Debug;
		};
		C48F8ACF2F0E2B500054318E /* Release */ = {
			isa = XCBuildConfiguration;
			buildSettings = {
				BUNDLE_LOADER = "$(TEST_HOST)";
				CODE_SIGN_STYLE = Automatic;
				CURRENT_PROJECT_VERSION = 1;
				DEVELOPMENT_TEAM = QJ32AL6GFG;
				GENERATE_INFOPLIST_FILE = YES;
				MACOSX_DEPLOYMENT_TARGET = 26.0;
				MARKETING_VERSION = 1.0;
				PRODUCT_BUNDLE_IDENTIFIER = com.yuzeguitar.OrbitTests;
				PRODUCT_NAME = "$(TARGET_NAME)";
				STRING_CATALOG_GENERATE_SYMBOLS = NO;
				SWIFT_APPROACHABLE_CONCURRENCY = YES;
				SWIFT_EMIT_LOC_STRINGS = NO;
				SWIFT_UPCOMING_FEATURE_MEMBER_IMPORT_VISIBILITY = YES;
				SWIFT_VERSION = 5.0;
				TEST_HOST = "$(BUILT_PRODUCTS_DIR)/Orbit.app/$(BUNDLE_EXECUTABLE_FOLDER_PATH)/Orbit";
			};
			name = Release;
		};
		C48F8AD12F0E2B500054318E /* Debug */ = {
			isa = XCBuildConfiguration;
			buildSettings = {
				CODE_SIGN_STYLE = Automatic;
				CURRENT_PROJECT_VERSION = 1;
				DEVELOPMENT_TEAM = QJ32AL6GFG;
				GENERATE_INFOPLIST_FILE = YES;
				MARKETING_VERSION = 1.0;
				PRODUCT_BUNDLE_IDENTIFIER = com.yuzeguitar.OrbitUITests;
				PRODUCT_NAME = "$(TARGET_NAME)";
				STRING_CATALOG_GENERATE_SYMBOLS = NO;
				SWIFT_APPROACHABLE_CONCURRENCY = YES;
				SWIFT_EMIT_LOC_STRINGS = NO;
				SWIFT_UPCOMING_FEATURE_MEMBER_IMPORT_VISIBILITY = YES;
				SWIFT_VERSION = 5.0;
				TEST_TARGET_NAME = Orbit;
			};
			name = Debug;
		};
		C48F8AD22F0E2B500054318E /* Release */ = {
			isa = XCBuildConfiguration;
			buildSettings = {
				CODE_SIGN_STYLE = Automatic;
				CURRENT_PROJECT_VERSION = 1;
				DEVELOPMENT_TEAM = QJ32AL6GFG;
				GENERATE_INFOPLIST_FILE = YES;
				MARKETING_VERSION = 1.0;
				PRODUCT_BUNDLE_IDENTIFIER = com.yuzeguitar.OrbitUITests;
				PRODUCT_NAME = "$(TARGET_NAME)";
				STRING_CATALOG_GENERATE_SYMBOLS = NO;
				SWIFT_APPROACHABLE_CONCURRENCY = YES;
				SWIFT_EMIT_LOC_STRINGS = NO;
				SWIFT_UPCOMING_FEATURE_MEMBER_IMPORT_VISIBILITY = YES;
				SWIFT_VERSION = 5.0;
				TEST_TARGET_NAME = Orbit;
			};
			name = Release;
		};
/* End XCBuildConfiguration section */

/* Begin XCConfigurationList section */
		C48F8AA42F0E2B500054318E /* Build configuration list for PBXProject "Orbit" */ = {
			isa = XCConfigurationList;
			buildConfigurations = (
				C48F8AC82F0E2B500054318E /* Debug */,
				C48F8AC92F0E2B500054318E /* Release */,
			);
			defaultConfigurationIsVisible = 0;
			defaultConfigurationName = Release;
		};
		C48F8ACA2F0E2B500054318E /* Build configuration list for PBXNativeTarget "Orbit" */ = {
			isa = XCConfigurationList;
			buildConfigurations = (
				C48F8ACB2F0E2B500054318E /* Debug */,
				C48F8ACC2F0E2B500054318E /* Release */,
			);
			defaultConfigurationIsVisible = 0;
			defaultConfigurationName = Release;
		};
		C48F8ACD2F0E2B500054318E /* Build configuration list for PBXNativeTarget "OrbitTests" */ = {
			isa = XCConfigurationList;
			buildConfigurations = (
				C48F8ACE2F0E2B500054318E /* Debug */,
				C48F8ACF2F0E2B500054318E /* Release */,
			);
			defaultConfigurationIsVisible = 0;
			defaultConfigurationName = Release;
		};
		C48F8AD02F0E2B500054318E /* Build configuration list for PBXNativeTarget "OrbitUITests" */ = {
			isa = XCConfigurationList;
			buildConfigurations = (
				C48F8AD12F0E2B500054318E /* Debug */,
				C48F8AD22F0E2B500054318E /* Release */,
			);
			defaultConfigurationIsVisible = 0;
			defaultConfigurationName = Release;
		};
/* End XCConfigurationList section */
	};
	rootObject = C48F8AA12F0E2B500054318E /* Project object */;
}
